
Microsoft Visual Studio Solution File, Format Version 12.00
# Visual Studio Version 17
VisualStudioVersion = 17.9.34728.123
MinimumVisualStudioVersion = 10.0.40219.1
Project("{8BC9CEB8-8B4A-11D0-8D11-00A0C91BC942}") = "MT3_02_06_確認課題", "MT3_02_06_確認課題.vcxproj", "{079A2F87-B593-43C3-AD8D-25577C3BFF3B}"
EndProject
Global
	GlobalSection(SolutionConfigurationPlatforms) = preSolution
		Debug|x64 = Debug|x64
		Release|x64 = Release|x64
	EndGlobalSection
	GlobalSection(ProjectConfigurationPlatforms) = postSolution
		{079A2F87-B593-43C3-AD8D-25577C3BFF3B}.Debug|x64.ActiveCfg = Debug|x64
		{079A2F87-B593-43C3-AD8D-25577C3BFF3B}.Debug|x64.Build.0 = Debug|x64
		{079A2F87-B593-43C3-AD8D-25577C3BFF3B}.Release|x64.ActiveCfg = Release|x64
		{079A2F87-B593-43C3-AD8D-25577C3BFF3B}.Release|x64.Build.0 = Release|x64
	EndGlobalSection
	GlobalSection(SolutionProperties) = preSolution
		HideSolutionNode = FALSE
	EndGlobalSection
	GlobalSection(ExtensibilityGlobals) = postSolution
		SolutionGuid = {4E2DA420-CBD6-4435-A2AA-285C7ACE5E29}
	EndGlobalSection
EndGlobal
